
Microsoft Visual Studio Solution File, Format Version 12.00
# Visual Studio Version 17
VisualStudioVersion = 17.1.32421.90
MinimumVisualStudioVersion = 10.0.40219.1
Project("{FAE04EC0-301F-11D3-BF4B-00C04F79EFBC}") = "DynamicGridViewSample", "DynamicGridViewSample\DynamicGridViewSample.csproj", "{2A7B2B02-BF98-44C6-8DC9-62DF720CCD64}"
EndProject
Global
	GlobalSection(SolutionConfigurationPlatforms) = preSolution
		Debug|Any CPU = Debug|Any CPU
		Release|Any CPU = Release|Any CPU
	EndGlobalSection
	GlobalSection(ProjectConfigurationPlatforms) = postSolution
		{2A7B2B02-BF98-44C6-8DC9-62DF720CCD64}.Debug|Any CPU.ActiveCfg = Debug|Any CPU
		{2A7B2B02-BF98-44C6-8DC9-62DF720CCD64}.Debug|Any CPU.Build.0 = Debug|Any CPU
		{2A7B2B02-BF98-44C6-8DC9-62DF720CCD64}.Release|Any CPU.ActiveCfg = Release|Any CPU
		{2A7B2B02-BF98-44C6-8DC9-62DF720CCD64}.Release|Any CPU.Build.0 = Release|Any CPU
	EndGlobalSection
	GlobalSection(SolutionProperties) = preSolution
		HideSolutionNode = FALSE
	EndGlobalSection
	GlobalSection(ExtensibilityGlobals) = postSolution
		SolutionGuid = {8BC783B1-5750-4435-86C2-6C49DBF847A9}
	EndGlobalSection
EndGlobal
